// !$*UTF8*$!
{
	archiveVersion = 1;
	classes = {
	};
	objectVersion = 46;
	objects = {

/* Begin PBXBuildFile section */
		A71ADE811C291AD80075AB73 /* SYGifFrame.m in Sources */ = {isa = PBXBuildFile; fileRef = A71ADE801C291AD80075AB73 /* SYGifFrame.m */; };
		A71ADE841C291AF10075AB73 /* SYGifImageView.m in Sources */ = {isa = PBXBuildFile; fileRef = A71ADE831C291AF10075AB73 /* SYGifImageView.m */; };
		A7DBC18B1B6F10C500E3F667 /* main.m in Sources */ = {isa = PBXBuildFile; fileRef = A7DBC18A1B6F10C500E3F667 /* main.m */; };
		A7DBC18E1B6F10C500E3F667 /* AppDelegate.m in Sources */ = {isa = PBXBuildFile; fileRef = A7DBC18D1B6F10C500E3F667 /* AppDelegate.m */; };
		A7DBC1911B6F10C500E3F667 /* ViewController.m in Sources */ = {isa = PBXBuildFile; fileRef = A7DBC1901B6F10C500E3F667 /* ViewController.m */; };
		A7DBC1941B6F10C500E3F667 /* Main.storyboard in Resources */ = {isa = PBXBuildFile; fileRef = A7DBC1921B6F10C500E3F667 /* Main.storyboard */; };
		A7DBC1961B6F10C500E3F667 /* Images.xcassets in Resources */ = {isa = PBXBuildFile; fileRef = A7DBC1951B6F10C500E3F667 /* Images.xcassets */; };
		A7DBC1991B6F10C500E3F667 /* LaunchScreen.xib in Resources */ = {isa = PBXBuildFile; fileRef = A7DBC1971B6F10C500E3F667 /* LaunchScreen.xib */; };
		A7DBC1A51B6F10C500E3F667 /* DemoGifImageTests.m in Sources */ = {isa = PBXBuildFile; fileRef = A7DBC1A41B6F10C500E3F667 /* DemoGifImageTests.m */; };
		A7DBC1B41B6F115100E3F667 /* fail.gif in Resources */ = {isa = PBXBuildFile; fileRef = A7DBC1B21B6F115100E3F667 /* fail.gif */; };
		A7DBC1B51B6F115100E3F667 /* success.gif in Resources */ = {isa = PBXBuildFile; fileRef = A7DBC1B31B6F115100E3F667 /* success.gif */; };
		A7DBC1B81B6F116F00E3F667 /* GifImageVC.m in Sources */ = {isa = PBXBuildFile; fileRef = A7DBC1B71B6F116F00E3F667 /* GifImageVC.m */; };
/* End PBXBuildFile section */

/* Begin PBXContainerItemProxy section */
		A7DBC19F1B6F10C500E3F667 /* PBXContainerItemProxy */ = {
			isa = PBXContainerItemProxy;
			containerPortal = A7DBC17D1B6F10C500E3F667 /* Project object */;
			proxyType = 1;
			remoteGlobalIDString = A7DBC1841B6F10C500E3F667;
			remoteInfo = DemoGifImage;
		};
/* End PBXContainerItemProxy section */

/* Begin PBXFileReference section */
		A71ADE7F1C291AD80075AB73 /* SYGifFrame.h */ = {isa = PBXFileReference; fileEncoding = 4; lastKnownFileType = sourcecode.c.h; path = SYGifFrame.h; sourceTree = "<group>"; };
		A71ADE801C291AD80075AB73 /* SYGifFrame.m */ = {isa = PBXFileReference; fileEncoding = 4; lastKnownFileType = sourcecode.c.objc; path = SYGifFrame.m; sourceTree = "<group>"; };
		A71ADE821C291AF10075AB73 /* SYGifImageView.h */ = {isa = PBXFileReference; fileEncoding = 4; lastKnownFileType = sourcecode.c.h; path = SYGifImageView.h; sourceTree = "<group>"; };
		A71ADE831C291AF10075AB73 /* SYGifImageView.m */ = {isa = PBXFileReference; fileEncoding = 4; lastKnownFileType = sourcecode.c.objc; path = SYGifImageView.m; sourceTree = "<group>"; };
		A7DBC1851B6F10C500E3F667 /* DemoGifImage.app */ = {isa = PBXFileReference; explicitFileType = wrapper.application; includeInIndex = 0; path = DemoGifImage.app; sourceTree = BUILT_PRODUCTS_DIR; };
		A7DBC1891B6F10C500E3F667 /* Info.plist */ = {isa = PBXFileReference; lastKnownFileType = text.plist.xml; path = Info.plist; sourceTree = "<group>"; };
		A7DBC18A1B6F10C500E3F667 /* main.m */ = {isa = PBXFileReference; lastKnownFileType = sourcecode.c.objc; path = main.m; sourceTree = "<group>"; };
		A7DBC18C1B6F10C500E3F667 /* AppDelegate.h */ = {isa = PBXFileReference; lastKnownFileType = sourcecode.c.h; path = AppDelegate.h; sourceTree = "<group>"; };
		A7DBC18D1B6F10C500E3F667 /* AppDelegate.m */ = {isa = PBXFileReference; lastKnownFileType = sourcecode.c.objc; path = AppDelegate.m; sourceTree = "<group>"; };
		A7DBC18F1B6F10C500E3F667 /* ViewController.h */ = {isa = PBXFileReference; lastKnownFileType = sourcecode.c.h; path = ViewController.h; sourceTree = "<group>"; };
		A7DBC1901B6F10C500E3F667 /* ViewController.m */ = {isa = PBXFileReference; lastKnownFileType = sourcecode.c.objc; path = ViewController.m; sourceTree = "<group>"; };
		A7DBC1931B6F10C500E3F667 /* Base */ = {isa = PBXFileReference; lastKnownFileType = file.storyboard; name = Base; path = Base.lproj/Main.storyboard; sourceTree = "<group>"; };
		A7DBC1951B6F10C500E3F667 /* Images.xcassets */ = {isa = PBXFileReference; lastKnownFileType = folder.assetcatalog; path = Images.xcassets; sourceTree = "<group>"; };
		A7DBC1981B6F10C500E3F667 /* Base */ = {isa = PBXFileReference; lastKnownFileType = file.xib; name = Base; path = Base.lproj/LaunchScreen.xib; sourceTree = "<group>"; };
		A7DBC19E1B6F10C500E3F667 /* DemoGifImageTests.xctest */ = {isa = PBXFileReference; explicitFileType = wrapper.cfbundle; includeInIndex = 0; path = DemoGifImageTests.xctest; sourceTree = BUILT_PRODUCTS_DIR; };
		A7DBC1A31B6F10C500E3F667 /* Info.plist */ = {isa = PBXFileReference; lastKnownFileType = text.plist.xml; path = Info.plist; sourceTree = "<group>"; };
		A7DBC1A41B6F10C500E3F667 /* DemoGifImageTests.m */ = {isa = PBXFileReference; lastKnownFileType = sourcecode.c.objc; path = DemoGifImageTests.m; sourceTree = "<group>"; };
		A7DBC1B21B6F115100E3F667 /* fail.gif */ = {isa = PBXFileReference; lastKnownFileType = image.gif; path = fail.gif; sourceTree = "<group>"; };
		A7DBC1B31B6F115100E3F667 /* success.gif */ = {isa = PBXFileReference; lastKnownFileType = image.gif; path = success.gif; sourceTree = "<group>"; };
		A7DBC1B61B6F116F00E3F667 /* GifImageVC.h */ = {isa = PBXFileReference; fileEncoding = 4; lastKnownFileType = sourcecode.c.h; path = GifImageVC.h; sourceTree = "<group>"; };
		A7DBC1B71B6F116F00E3F667 /* GifImageVC.m */ = {isa = PBXFileReference; fileEncoding = 4; lastKnownFileType = sourcecode.c.objc; path = GifImageVC.m; sourceTree = "<group>"; };
/* End PBXFileReference section */

/* Begin PBXFrameworksBuildPhase section */
		A7DBC1821B6F10C500E3F667 /* Frameworks */ = {
			isa = PBXFrameworksBuildPhase;
			buildActionMask = 2147483647;
			files = (
			);
			runOnlyForDeploymentPostprocessing = 0;
		};
		A7DBC19B1B6F10C500E3F667 /* Frameworks */ = {
			isa = PBXFrameworksBuildPhase;
			buildActionMask = 2147483647;
			files = (
			);
			runOnlyForDeploymentPostprocessing = 0;
		};
/* End PBXFrameworksBuildPhase section */

/* Begin PBXGroup section */
		A71ADE7E1C291A3C0075AB73 /* SYGifImageView */ = {
			isa = PBXGroup;
			children = (
				A71ADE7F1C291AD80075AB73 /* SYGifFrame.h */,
				A71ADE801C291AD80075AB73 /* SYGifFrame.m */,
				A71ADE821C291AF10075AB73 /* SYGifImageView.h */,
				A71ADE831C291AF10075AB73 /* SYGifImageView.m */,
			);
			path = SYGifImageView;
			sourceTree = "<group>";
		};
		A7DBC17C1B6F10C500E3F667 = {
			isa = PBXGroup;
			children = (
				A7DBC1871B6F10C500E3F667 /* DemoGifImage */,
				A7DBC1A11B6F10C500E3F667 /* DemoGifImageTests */,
				A7DBC1861B6F10C500E3F667 /* Products */,
			);
			sourceTree = "<group>";
		};
		A7DBC1861B6F10C500E3F667 /* Products */ = {
			isa = PBXGroup;
			children = (
				A7DBC1851B6F10C500E3F667 /* DemoGifImage.app */,
				A7DBC19E1B6F10C500E3F667 /* DemoGifImageTests.xctest */,
			);
			name = Products;
			sourceTree = "<group>";
		};
		A7DBC1871B6F10C500E3F667 /* DemoGifImage */ = {
			isa = PBXGroup;
			children = (
				A7DBC18C1B6F10C500E3F667 /* AppDelegate.h */,
				A7DBC18D1B6F10C500E3F667 /* AppDelegate.m */,
				A7DBC18F1B6F10C500E3F667 /* ViewController.h */,
				A7DBC1901B6F10C500E3F667 /* ViewController.m */,
				A7DBC1B61B6F116F00E3F667 /* GifImageVC.h */,
				A7DBC1B71B6F116F00E3F667 /* GifImageVC.m */,
				A7DBC1B21B6F115100E3F667 /* fail.gif */,
				A7DBC1B31B6F115100E3F667 /* success.gif */,
				A71ADE7E1C291A3C0075AB73 /* SYGifImageView */,
				A7DBC1921B6F10C500E3F667 /* Main.storyboard */,
				A7DBC1951B6F10C500E3F667 /* Images.xcassets */,
				A7DBC1971B6F10C500E3F667 /* LaunchScreen.xib */,
				A7DBC1881B6F10C500E3F667 /* Supporting Files */,
			);
			path = DemoGifImage;
			sourceTree = "<group>";
		};
		A7DBC1881B6F10C500E3F667 /* Supporting Files */ = {
			isa = PBXGroup;
			children = (
				A7DBC1891B6F10C500E3F667 /* Info.plist */,
				A7DBC18A1B6F10C500E3F667 /* main.m */,
			);
			name = "Supporting Files";
			sourceTree = "<group>";
		};
		A7DBC1A11B6F10C500E3F667 /* DemoGifImageTests */ = {
			isa = PBXGroup;
			children = (
				A7DBC1A41B6F10C500E3F667 /* DemoGifImageTests.m */,
				A7DBC1A21B6F10C500E3F667 /* Supporting Files */,
			);
			path = DemoGifImageTests;
			sourceTree = "<group>";
		};
		A7DBC1A21B6F10C500E3F667 /* Supporting Files */ = {
			isa = PBXGroup;
			children = (
				A7DBC1A31B6F10C500E3F667 /* Info.plist */,
			);
			name = "Supporting Files";
			sourceTree = "<group>";
		};
/* End PBXGroup section */

/* Begin PBXNativeTarget section */
		A7DBC1841B6F10C500E3F667 /* DemoGifImage */ = {
			isa = PBXNativeTarget;
			buildConfigurationList = A7DBC1A81B6F10C500E3F667 /* Build configuration list for PBXNativeTarget "DemoGifImage" */;
			buildPhases = (
				A7DBC1811B6F10C500E3F667 /* Sources */,
				A7DBC1821B6F10C500E3F667 /* Frameworks */,
				A7DBC1831B6F10C500E3F667 /* Resources */,
			);
			buildRules = (
			);
			dependencies = (
			);
			name = DemoGifImage;
			productName = DemoGifImage;
			productReference = A7DBC1851B6F10C500E3F667 /* DemoGifImage.app */;
			productType = "com.apple.product-type.application";
		};
		A7DBC19D1B6F10C500E3F667 /* DemoGifImageTests */ = {
			isa = PBXNativeTarget;
			buildConfigurationList = A7DBC1AB1B6F10C500E3F667 /* Build configuration list for PBXNativeTarget "DemoGifImageTests" */;
			buildPhases = (
				A7DBC19A1B6F10C500E3F667 /* Sources */,
				A7DBC19B1B6F10C500E3F667 /* Frameworks */,
				A7DBC19C1B6F10C500E3F667 /* Resources */,
			);
			buildRules = (
			);
			dependencies = (
				A7DBC1A01B6F10C500E3F667 /* PBXTargetDependency */,
			);
			name = DemoGifImageTests;
			productName = DemoGifImageTests;
			productReference = A7DBC19E1B6F10C500E3F667 /* DemoGifImageTests.xctest */;
			productType = "com.apple.product-type.bundle.unit-test";
		};
/* End PBXNativeTarget section */

/* Begin PBXProject section */
		A7DBC17D1B6F10C500E3F667 /* Project object */ = {
			isa = PBXProject;
			attributes = {
				LastUpgradeCheck = 0630;
				ORGANIZATIONNAME = zhangshaoyu;
				TargetAttributes = {
					A7DBC1841B6F10C500E3F667 = {
						CreatedOnToolsVersion = 6.3.2;
					};
					A7DBC19D1B6F10C500E3F667 = {
						CreatedOnToolsVersion = 6.3.2;
						TestTargetID = A7DBC1841B6F10C500E3F667;
					};
				};
			};
			buildConfigurationList = A7DBC1801B6F10C500E3F667 /* Build configuration list for PBXProject "DemoGifImage" */;
			compatibilityVersion = "Xcode 3.2";
			developmentRegion = English;
			hasScannedForEncodings = 0;
			knownRegions = (
				en,
				Base,
			);
			mainGroup = A7DBC17C1B6F10C500E3F667;
			productRefGroup = A7DBC1861B6F10C500E3F667 /* Products */;
			projectDirPath = "";
			projectRoot = "";
			targets = (
				A7DBC1841B6F10C500E3F667 /* DemoGifImage */,
				A7DBC19D1B6F10C500E3F667 /* DemoGifImageTests */,
			);
		};
/* End PBXProject section */

/* Begin PBXResourcesBuildPhase section */
		A7DBC1831B6F10C500E3F667 /* Resources */ = {
			isa = PBXResourcesBuildPhase;
			buildActionMask = 2147483647;
			files = (
				A7DBC1B41B6F115100E3F667 /* fail.gif in Resources */,
				A7DBC1941B6F10C500E3F667 /* Main.storyboard in Resources */,
				A7DBC1991B6F10C500E3F667 /* LaunchScreen.xib in Resources */,
				A7DBC1961B6F10C500E3F667 /* Images.xcassets in Resources */,
				A7DBC1B51B6F115100E3F667 /* success.gif in Resources */,
			);
			runOnlyForDeploymentPostprocessing = 0;
		};
		A7DBC19C1B6F10C500E3F667 /* Resources */ = {
			isa = PBXResourcesBuildPhase;
			buildActionMask = 2147483647;
			files = (
			);
			runOnlyForDeploymentPostprocessing = 0;
		};
/* End PBXResourcesBuildPhase section */

/* Begin PBXSourcesBuildPhase section */
		A7DBC1811B6F10C500E3F667 /* Sources */ = {
			isa = PBXSourcesBuildPhase;
			buildActionMask = 2147483647;
			files = (
				A71ADE811C291AD80075AB73 /* SYGifFrame.m in Sources */,
				A7DBC1911B6F10C500E3F667 /* ViewController.m in Sources */,
				A71ADE841C291AF10075AB73 /* SYGifImageView.m in Sources */,
				A7DBC1B81B6F116F00E3F667 /* GifImageVC.m in Sources */,
				A7DBC18E1B6F10C500E3F667 /* AppDelegate.m in Sources */,
				A7DBC18B1B6F10C500E3F667 /* main.m in Sources */,
			);
			runOnlyForDeploymentPostprocessing = 0;
		};
		A7DBC19A1B6F10C500E3F667 /* Sources */ = {
			isa = PBXSourcesBuildPhase;
			buildActionMask = 2147483647;
			files = (
				A7DBC1A51B6F10C500E3F667 /* DemoGifImageTests.m in Sources */,
			);
			runOnlyForDeploymentPostprocessing = 0;
		};
/* End PBXSourcesBuildPhase section */

/* Begin PBXTargetDependency section */
		A7DBC1A01B6F10C500E3F667 /* PBXTargetDependency */ = {
			isa = PBXTargetDependency;
			target = A7DBC1841B6F10C500E3F667 /* DemoGifImage */;
			targetProxy = A7DBC19F1B6F10C500E3F667 /* PBXContainerItemProxy */;
		};
/* End PBXTargetDependency section */

/* Begin PBXVariantGroup section */
		A7DBC1921B6F10C500E3F667 /* Main.storyboard */ = {
			isa = PBXVariantGroup;
			children = (
				A7DBC1931B6F10C500E3F667 /* Base */,
			);
			name = Main.storyboard;
			sourceTree = "<group>";
		};
		A7DBC1971B6F10C500E3F667 /* LaunchScreen.xib */ = {
			isa = PBXVariantGroup;
			children = (
				A7DBC1981B6F10C500E3F667 /* Base */,
			);
			name = LaunchScreen.xib;
			sourceTree = "<group>";
		};
/* End PBXVariantGroup section */

/* Begin XCBuildConfiguration section */
		A7DBC1A61B6F10C500E3F667 /* Debug */ = {
			isa = XCBuildConfiguration;
			buildSettings = {
				ALWAYS_SEARCH_USER_PATHS = NO;
				CLANG_CXX_LANGUAGE_STANDARD = "gnu++0x";
				CLANG_CXX_LIBRARY = "libc++";
				CLANG_ENABLE_MODULES = YES;
				CLANG_ENABLE_OBJC_ARC = YES;
				CLANG_WARN_BOOL_CONVERSION = YES;
				CLANG_WARN_CONSTANT_CONVERSION = YES;
				CLANG_WARN_DIRECT_OBJC_ISA_USAGE = YES_ERROR;
				CLANG_WARN_EMPTY_BODY = YES;
				CLANG_WARN_ENUM_CONVERSION = YES;
				CLANG_WARN_INT_CONVERSION = YES;
				CLANG_WARN_OBJC_ROOT_CLASS = YES_ERROR;
				CLANG_WARN_UNREACHABLE_CODE = YES;
				CLANG_WARN__DUPLICATE_METHOD_MATCH = YES;
				"CODE_SIGN_IDENTITY[sdk=iphoneos*]" = "iPhone Developer";
				COPY_PHASE_STRIP = NO;
				DEBUG_INFORMATION_FORMAT = "dwarf-with-dsym";
				ENABLE_STRICT_OBJC_MSGSEND = YES;
				GCC_C_LANGUAGE_STANDARD = gnu99;
				GCC_DYNAMIC_NO_PIC = NO;
				GCC_NO_COMMON_BLOCKS = YES;
				GCC_OPTIMIZATION_LEVEL = 0;
				GCC_PREPROCESSOR_DEFINITIONS = (
					"DEBUG=1",
					"$(inherited)",
				);
				GCC_SYMBOLS_PRIVATE_EXTERN = NO;
				GCC_WARN_64_TO_32_BIT_CONVERSION = YES;
				GCC_WARN_ABOUT_RETURN_TYPE = YES_ERROR;
				GCC_WARN_UNDECLARED_SELECTOR = YES;
				GCC_WARN_UNINITIALIZED_AUTOS = YES_AGGRESSIVE;
				GCC_WARN_UNUSED_FUNCTION = YES;
				GCC_WARN_UNUSED_VARIABLE = YES;
				IPHONEOS_DEPLOYMENT_TARGET = 7.0;
				MTL_ENABLE_DEBUG_INFO = YES;
				ONLY_ACTIVE_ARCH = YES;
				SDKROOT = iphoneos;
			};
			name = Debug;
		};
		A7DBC1A71B6F10C500E3F667 /* Release */ = {
			isa = XCBuildConfiguration;
			buildSettings = {
				ALWAYS_SEARCH_USER_PATHS = NO;
				CLANG_CXX_LANGUAGE_STANDARD = "gnu++0x";
				CLANG_CXX_LIBRARY = "libc++";
				CLANG_ENABLE_MODULES = YES;
				CLANG_ENABLE_OBJC_ARC = YES;
				CLANG_WARN_BOOL_CONVERSION = YES;
				CLANG_WARN_CONSTANT_CONVERSION = YES;
				CLANG_WARN_DIRECT_OBJC_ISA_USAGE = YES_ERROR;
				CLANG_WARN_EMPTY_BODY = YES;
				CLANG_WARN_ENUM_CONVERSION = YES;
				CLANG_WARN_INT_CONVERSION = YES;
				CLANG_WARN_OBJC_ROOT_CLASS = YES_ERROR;
				CLANG_WARN_UNREACHABLE_CODE = YES;
				CLANG_WARN__DUPLICATE_METHOD_MATCH = YES;
				"CODE_SIGN_IDENTITY[sdk=iphoneos*]" = "iPhone Developer";
				COPY_PHASE_STRIP = NO;
				DEBUG_INFORMATION_FORMAT = "dwarf-with-dsym";
				ENABLE_NS_ASSERTIONS = NO;
				ENABLE_STRICT_OBJC_MSGSEND = YES;
				GCC_C_LANGUAGE_STANDARD = gnu99;
				GCC_NO_COMMON_BLOCKS = YES;
				GCC_WARN_64_TO_32_BIT_CONVERSION = YES;
				GCC_WARN_ABOUT_RETURN_TYPE = YES_ERROR;
				GCC_WARN_UNDECLARED_SELECTOR = YES;
				GCC_WARN_UNINITIALIZED_AUTOS = YES_AGGRESSIVE;
				GCC_WARN_UNUSED_FUNCTION = YES;
				GCC_WARN_UNUSED_VARIABLE = YES;
				IPHONEOS_DEPLOYMENT_TARGET = 7.0;
				MTL_ENABLE_DEBUG_INFO = NO;
				SDKROOT = iphoneos;
				VALIDATE_PRODUCT = YES;
			};
			name = Release;
		};
		A7DBC1A91B6F10C500E3F667 /* Debug */ = {
			isa = XCBuildConfiguration;
			buildSettings = {
				ASSETCATALOG_COMPILER_APPICON_NAME = AppIcon;
				INFOPLIST_FILE = DemoGifImage/Info.plist;
				IPHONEOS_DEPLOYMENT_TARGET = 7.0;
				LD_RUNPATH_SEARCH_PATHS = "$(inherited) @executable_path/Frameworks";
				PRODUCT_NAME = "$(TARGET_NAME)";
			};
			name = Debug;
		};
		A7DBC1AA1B6F10C500E3F667 /* Release */ = {
			isa = XCBuildConfiguration;
			buildSettings = {
				ASSETCATALOG_COMPILER_APPICON_NAME = AppIcon;
				INFOPLIST_FILE = DemoGifImage/Info.plist;
				IPHONEOS_DEPLOYMENT_TARGET = 7.0;
				LD_RUNPATH_SEARCH_PATHS = "$(inherited) @executable_path/Frameworks";
				PRODUCT_NAME = "$(TARGET_NAME)";
			};
			name = Release;
		};
		A7DBC1AC1B6F10C500E3F667 /* Debug */ = {
			isa = XCBuildConfiguration;
			buildSettings = {
				BUNDLE_LOADER = "$(TEST_HOST)";
				FRAMEWORK_SEARCH_PATHS = (
					"$(SDKROOT)/Developer/Library/Frameworks",
					"$(inherited)",
				);
				GCC_PREPROCESSOR_DEFINITIONS = (
					"DEBUG=1",
					"$(inherited)",
				);
				INFOPLIST_FILE = DemoGifImageTests/Info.plist;
				LD_RUNPATH_SEARCH_PATHS = "$(inherited) @executable_path/Frameworks @loader_path/Frameworks";
				PRODUCT_NAME = "$(TARGET_NAME)";
				TEST_HOST = "$(BUILT_PRODUCTS_DIR)/DemoGifImage.app/DemoGifImage";
			};
			name = Debug;
		};
		A7DBC1AD1B6F10C500E3F667 /* Release */ = {
			isa = XCBuildConfiguration;
			buildSettings = {
				BUNDLE_LOADER = "$(TEST_HOST)";
				FRAMEWORK_SEARCH_PATHS = (
					"$(SDKROOT)/Developer/Library/Frameworks",
					"$(inherited)",
				);
				INFOPLIST_FILE = DemoGifImageTests/Info.plist;
				LD_RUNPATH_SEARCH_PATHS = "$(inherited) @executable_path/Frameworks @loader_path/Frameworks";
				PRODUCT_NAME = "$(TARGET_NAME)";
				TEST_HOST = "$(BUILT_PRODUCTS_DIR)/DemoGifImage.app/DemoGifImage";
			};
			name = Release;
		};
/* End XCBuildConfiguration section */

/* Begin XCConfigurationList section */
		A7DBC1801B6F10C500E3F667 /* Build configuration list for PBXProject "DemoGifImage" */ = {
			isa = XCConfigurationList;
			buildConfigurations = (
				A7DBC1A61B6F10C500E3F667 /* Debug */,
				A7DBC1A71B6F10C500E3F667 /* Release */,
			);
			defaultConfigurationIsVisible = 0;
			defaultConfigurationName = Release;
		};
		A7DBC1A81B6F10C500E3F667 /* Build configuration list for PBXNativeTarget "DemoGifImage" */ = {
			isa = XCConfigurationList;
			buildConfigurations = (
				A7DBC1A91B6F10C500E3F667 /* Debug */,
				A7DBC1AA1B6F10C500E3F667 /* Release */,
			);
			defaultConfigurationIsVisible = 0;
			defaultConfigurationName = Release;
		};
		A7DBC1AB1B6F10C500E3F667 /* Build configuration list for PBXNativeTarget "DemoGifImageTests" */ = {
			isa = XCConfigurationList;
			buildConfigurations = (
				A7DBC1AC1B6F10C500E3F667 /* Debug */,
				A7DBC1AD1B6F10C500E3F667 /* Release */,
			);
			defaultConfigurationIsVisible = 0;
			defaultConfigurationName = Release;
		};
/* End XCConfigurationList section */
	};
	rootObject = A7DBC17D1B6F10C500E3F667 /* Project object */;
}
